
Microsoft Visual Studio Solution File, Format Version 12.00
# Visual Studio Version 17
VisualStudioVersion = 17.14.36414.22
MinimumVisualStudioVersion = 10.0.40219.1
Project("{FAE04EC0-301F-11D3-BF4B-00C04F79EFBC}") = "Employees.Backend", "Employees.Backend\Employees.Backend.csproj", "{74B35B57-6BB1-4FA0-B7B0-C827B4FDE847}"
EndProject
Project("{FAE04EC0-301F-11D3-BF4B-00C04F79EFBC}") = "Employees.Shared", "Employees.Shared\Employees.Shared.csproj", "{04EFDD53-59AE-44AC-8C61-E015A5C383AD}"
EndProject
Project("{FAE04EC0-301F-11D3-BF4B-00C04F79EFBC}") = "Employees.Frontend", "Employees.Frontend\Employees.Frontend.csproj", "{3B01A912-B96E-8D4D-EC94-262C057FF200}"
EndProject
Global
	GlobalSection(SolutionConfigurationPlatforms) = preSolution
		Debug|Any CPU = Debug|Any CPU
		Release|Any CPU = Release|Any CPU
	EndGlobalSection
	GlobalSection(ProjectConfigurationPlatforms) = postSolution
		{74B35B57-6BB1-4FA0-B7B0-C827B4FDE847}.Debug|Any CPU.ActiveCfg = Debug|Any CPU
		{74B35B57-6BB1-4FA0-B7B0-C827B4FDE847}.Debug|Any CPU.Build.0 = Debug|Any CPU
		{74B35B57-6BB1-4FA0-B7B0-C827B4FDE847}.Release|Any CPU.ActiveCfg = Release|Any CPU
		{74B35B57-6BB1-4FA0-B7B0-C827B4FDE847}.Release|Any CPU.Build.0 = Release|Any CPU
		{04EFDD53-59AE-44AC-8C61-E015A5C383AD}.Debug|Any CPU.ActiveCfg = Debug|Any CPU
		{04EFDD53-59AE-44AC-8C61-E015A5C383AD}.Debug|Any CPU.Build.0 = Debug|Any CPU
		{04EFDD53-59AE-44AC-8C61-E015A5C383AD}.Release|Any CPU.ActiveCfg = Release|Any CPU
		{04EFDD53-59AE-44AC-8C61-E015A5C383AD}.Release|Any CPU.Build.0 = Release|Any CPU
		{3B01A912-B96E-8D4D-EC94-262C057FF200}.Debug|Any CPU.ActiveCfg = Debug|Any CPU
		{3B01A912-B96E-8D4D-EC94-262C057FF200}.Debug|Any CPU.Build.0 = Debug|Any CPU
		{3B01A912-B96E-8D4D-EC94-262C057FF200}.Release|Any CPU.ActiveCfg = Release|Any CPU
		{3B01A912-B96E-8D4D-EC94-262C057FF200}.Release|Any CPU.Build.0 = Release|Any CPU
	EndGlobalSection
	GlobalSection(SolutionProperties) = preSolution
		HideSolutionNode = FALSE
	EndGlobalSection
	GlobalSection(ExtensibilityGlobals) = postSolution
		SolutionGuid = {2BD81B23-DF42-4CFB-8A32-E946F0ED7A17}
	EndGlobalSection
EndGlobal
